
Microsoft Visual Studio Solution File, Format Version 12.00
# Visual Studio Version 17
VisualStudioVersion = 17.11.35312.102
MinimumVisualStudioVersion = 10.0.40219.1
Project("{2150E333-8FDC-42A3-9474-1A3956D46DE8}") = "Microservices", "Microservices", "{5EDA60E8-A39F-41D3-8CDE-9281A5A4520A}"
EndProject
Project("{9A19103F-16F7-4668-BE54-9A1E7A4F7556}") = "CustomerWebApi", "CustomerWebApi\CustomerWebApi.csproj", "{19395573-D16C-4175-B620-46CF8835CEDF}"
EndProject
Project("{9A19103F-16F7-4668-BE54-9A1E7A4F7556}") = "ProductWebApi", "ProductWebApi\ProductWebApi.csproj", "{D826E706-359A-4FC7-9D49-2159494EF4E8}"
EndProject
Project("{9A19103F-16F7-4668-BE54-9A1E7A4F7556}") = "OrderWebApi", "OrderWebApi\OrderWebApi.csproj", "{CDFF5190-9BE9-4863-9E85-EBCABDDAD0A4}"
EndProject
Project("{2150E333-8FDC-42A3-9474-1A3956D46DE8}") = "ApiGateWay", "ApiGateWay", "{DA27BC57-0501-471E-B8CE-C33D9D57AD4B}"
EndProject
Project("{9A19103F-16F7-4668-BE54-9A1E7A4F7556}") = "ApiGateway", "ApiGateway\ApiGateway.csproj", "{416016D3-A036-4BA1-B5D6-ECC222C98B9D}"
EndProject
Project("{9A19103F-16F7-4668-BE54-9A1E7A4F7556}") = "JwtAuthenticationManager", "JwtAuthenticationManager\JwtAuthenticationManager.csproj", "{8B1C7A2C-63E9-4458-9BF9-D773986EBF65}"
EndProject
Project("{9A19103F-16F7-4668-BE54-9A1E7A4F7556}") = "AuthenticationWebApi", "AuthenticationWebApi\AuthenticationWebApi.csproj", "{743C573A-609B-48F6-99D8-3EDAAE1E8528}"
EndProject
Project("{FAE04EC0-301F-11D3-BF4B-00C04F79EFBC}") = "CustomerWebApi2", "CustomerWebApi2\CustomerWebApi2.csproj", "{DD9D5FE9-F3A8-45E2-A968-9B86D4FBCBED}"
EndProject
Global
	GlobalSection(SolutionConfigurationPlatforms) = preSolution
		Debug|Any CPU = Debug|Any CPU
		Release|Any CPU = Release|Any CPU
	EndGlobalSection
	GlobalSection(ProjectConfigurationPlatforms) = postSolution
		{19395573-D16C-4175-B620-46CF8835CEDF}.Debug|Any CPU.ActiveCfg = Debug|Any CPU
		{19395573-D16C-4175-B620-46CF8835CEDF}.Debug|Any CPU.Build.0 = Debug|Any CPU
		{19395573-D16C-4175-B620-46CF8835CEDF}.Release|Any CPU.ActiveCfg = Release|Any CPU
		{19395573-D16C-4175-B620-46CF8835CEDF}.Release|Any CPU.Build.0 = Release|Any CPU
		{D826E706-359A-4FC7-9D49-2159494EF4E8}.Debug|Any CPU.ActiveCfg = Debug|Any CPU
		{D826E706-359A-4FC7-9D49-2159494EF4E8}.Debug|Any CPU.Build.0 = Debug|Any CPU
		{D826E706-359A-4FC7-9D49-2159494EF4E8}.Release|Any CPU.ActiveCfg = Release|Any CPU
		{D826E706-359A-4FC7-9D49-2159494EF4E8}.Release|Any CPU.Build.0 = Release|Any CPU
		{CDFF5190-9BE9-4863-9E85-EBCABDDAD0A4}.Debug|Any CPU.ActiveCfg = Debug|Any CPU
		{CDFF5190-9BE9-4863-9E85-EBCABDDAD0A4}.Debug|Any CPU.Build.0 = Debug|Any CPU
		{CDFF5190-9BE9-4863-9E85-EBCABDDAD0A4}.Release|Any CPU.ActiveCfg = Release|Any CPU
		{CDFF5190-9BE9-4863-9E85-EBCABDDAD0A4}.Release|Any CPU.Build.0 = Release|Any CPU
		{416016D3-A036-4BA1-B5D6-ECC222C98B9D}.Debug|Any CPU.ActiveCfg = Debug|Any CPU
		{416016D3-A036-4BA1-B5D6-ECC222C98B9D}.Debug|Any CPU.Build.0 = Debug|Any CPU
		{416016D3-A036-4BA1-B5D6-ECC222C98B9D}.Release|Any CPU.ActiveCfg = Release|Any CPU
		{416016D3-A036-4BA1-B5D6-ECC222C98B9D}.Release|Any CPU.Build.0 = Release|Any CPU
		{8B1C7A2C-63E9-4458-9BF9-D773986EBF65}.Debug|Any CPU.ActiveCfg = Debug|Any CPU
		{8B1C7A2C-63E9-4458-9BF9-D773986EBF65}.Debug|Any CPU.Build.0 = Debug|Any CPU
		{8B1C7A2C-63E9-4458-9BF9-D773986EBF65}.Release|Any CPU.ActiveCfg = Release|Any CPU
		{8B1C7A2C-63E9-4458-9BF9-D773986EBF65}.Release|Any CPU.Build.0 = Release|Any CPU
		{743C573A-609B-48F6-99D8-3EDAAE1E8528}.Debug|Any CPU.ActiveCfg = Debug|Any CPU
		{743C573A-609B-48F6-99D8-3EDAAE1E8528}.Debug|Any CPU.Build.0 = Debug|Any CPU
		{743C573A-609B-48F6-99D8-3EDAAE1E8528}.Release|Any CPU.ActiveCfg = Release|Any CPU
		{743C573A-609B-48F6-99D8-3EDAAE1E8528}.Release|Any CPU.Build.0 = Release|Any CPU
		{DD9D5FE9-F3A8-45E2-A968-9B86D4FBCBED}.Debug|Any CPU.ActiveCfg = Debug|Any CPU
		{DD9D5FE9-F3A8-45E2-A968-9B86D4FBCBED}.Debug|Any CPU.Build.0 = Debug|Any CPU
		{DD9D5FE9-F3A8-45E2-A968-9B86D4FBCBED}.Release|Any CPU.ActiveCfg = Release|Any CPU
		{DD9D5FE9-F3A8-45E2-A968-9B86D4FBCBED}.Release|Any CPU.Build.0 = Release|Any CPU
	EndGlobalSection
	GlobalSection(SolutionProperties) = preSolution
		HideSolutionNode = FALSE
	EndGlobalSection
	GlobalSection(NestedProjects) = preSolution
		{19395573-D16C-4175-B620-46CF8835CEDF} = {5EDA60E8-A39F-41D3-8CDE-9281A5A4520A}
		{D826E706-359A-4FC7-9D49-2159494EF4E8} = {5EDA60E8-A39F-41D3-8CDE-9281A5A4520A}
		{CDFF5190-9BE9-4863-9E85-EBCABDDAD0A4} = {5EDA60E8-A39F-41D3-8CDE-9281A5A4520A}
		{416016D3-A036-4BA1-B5D6-ECC222C98B9D} = {DA27BC57-0501-471E-B8CE-C33D9D57AD4B}
		{DD9D5FE9-F3A8-45E2-A968-9B86D4FBCBED} = {5EDA60E8-A39F-41D3-8CDE-9281A5A4520A}
	EndGlobalSection
	GlobalSection(ExtensibilityGlobals) = postSolution
		SolutionGuid = {B61124B3-7178-463A-9D7F-55BABB718593}
	EndGlobalSection
EndGlobal
